
Microsoft Visual Studio Solution File, Format Version 12.00
# Visual Studio 15
VisualStudioVersion = 15.0.28010.2003
MinimumVisualStudioVersion = 10.0.40219.1
Project("{FAE04EC0-301F-11D3-BF4B-00C04F79EFBC}") = "JB.Common.Collections", "JB.Common.Collections\JB.Common.Collections.csproj", "{360B8B3F-5EF4-4CD1-96F2-F3CC67A2B2B3}"
EndProject
Project("{2150E333-8FDC-42A3-9474-1A3956D46DE8}") = "Solution Items", "Solution Items", "{8A122F14-4B60-4FF0-A400-DEED25A9E624}"
	ProjectSection(SolutionItems) = preProject
		CommonAssemblyInfo.cs = CommonAssemblyInfo.cs
		LICENSE = LICENSE
		README.md = README.md
	EndProjectSection
EndProject
Project("{FAE04EC0-301F-11D3-BF4B-00C04F79EFBC}") = "JB.Common.Collections.Reactive", "JB.Common.Collections.Reactive\JB.Common.Collections.Reactive.csproj", "{A30A30A6-9914-42DC-95A1-527B652B165D}"
EndProject
Project("{FAE04EC0-301F-11D3-BF4B-00C04F79EFBC}") = "JB.Common", "JB.Common\JB.Common.csproj", "{248FADAF-12C1-41D1-8FAA-8B786B4FEB36}"
EndProject
Project("{FAE04EC0-301F-11D3-BF4B-00C04F79EFBC}") = "JB.Common.Reactive", "JB.Common.Reactive\JB.Common.Reactive.csproj", "{45F64424-6A73-45CD-942C-841225CB3AD6}"
EndProject
Project("{FAE04EC0-301F-11D3-BF4B-00C04F79EFBC}") = "JB.Common.VisualStudio", "JB.Common.VisualStudio\JB.Common.VisualStudio.csproj", "{E12CC753-0D0E-4933-9F1D-A46722C92B5F}"
EndProject
Project("{FAE04EC0-301F-11D3-BF4B-00C04F79EFBC}") = "JB.Common.Collections.Reactive.Tests", "JB.Common.Collections.Reactive.Tests\JB.Common.Collections.Reactive.Tests.csproj", "{067E492E-F300-4DC5-89C1-1AEF9C061C01}"
EndProject
Project("{2150E333-8FDC-42A3-9474-1A3956D46DE8}") = "Tests", "Tests", "{26BE593D-322B-408F-BFC7-3F2B3273DE21}"
EndProject
Project("{FAE04EC0-301F-11D3-BF4B-00C04F79EFBC}") = "JB.Common.Reactive.Tests", "JB.Common.Reactive.Tests\JB.Common.Reactive.Tests.csproj", "{98EC53DF-00F5-4FB8-BE75-C1B530B418BF}"
EndProject
Project("{FAE04EC0-301F-11D3-BF4B-00C04F79EFBC}") = "JB.Common.Tests", "JB.Common.Tests\JB.Common.Tests.csproj", "{5215AC7E-41FF-4A49-8EEB-F3515D813EF5}"
EndProject
Project("{FAE04EC0-301F-11D3-BF4B-00C04F79EFBC}") = "JB.Common.Reactive.Analytics", "JB.Common.Reactive.Analytics\JB.Common.Reactive.Analytics.csproj", "{450B98C1-5F88-48E7-808E-7BDD4CF0D179}"
EndProject
Project("{FAE04EC0-301F-11D3-BF4B-00C04F79EFBC}") = "JB.Common.Reactive.Analytics.Tests", "JB.Common.Reactive.Analytics.Tests\JB.Common.Reactive.Analytics.Tests.csproj", "{66781C50-92C1-4832-85DE-5BF3E8EC14C2}"
EndProject
Project("{FAE04EC0-301F-11D3-BF4B-00C04F79EFBC}") = "JB.Common.Reactive.Cache", "JB.Common.Reactive.Cache\JB.Common.Reactive.Cache.csproj", "{950B0468-D1C7-410A-910C-54AFEF706E87}"
EndProject
Project("{FAE04EC0-301F-11D3-BF4B-00C04F79EFBC}") = "JB.Common.Reactive.Logging", "JB.Common.Reactive.Logging\JB.Common.Reactive.Logging.csproj", "{407A0B3A-58F2-444F-99D8-6D9FDC1F61D2}"
EndProject
Project("{FAE04EC0-301F-11D3-BF4B-00C04F79EFBC}") = "JB.Common.Reactive.Cache.Tests", "JB.Common.Reactive.Cache.Tests\JB.Common.Reactive.Cache.Tests.csproj", "{21239505-BBAE-4C3A-AAB7-77DB5C513C01}"
EndProject
Project("{FAE04EC0-301F-11D3-BF4B-00C04F79EFBC}") = "JB.Common.TeamFoundationServer.Client", "JB.Common.TeamFoundationServer.Client\JB.Common.TeamFoundationServer.Client.csproj", "{C5714A07-3CCD-4C9E-A2F6-DEB840EF9B13}"
EndProject
Project("{FAE04EC0-301F-11D3-BF4B-00C04F79EFBC}") = "JB.Common.VisualStudio.Services.Client", "JB.Common.VisualStudio.Services.Client\JB.Common.VisualStudio.Services.Client.csproj", "{1423B0DD-E2E1-492D-A7B2-EB1B62D19572}"
EndProject
Project("{2150E333-8FDC-42A3-9474-1A3956D46DE8}") = "NuGet", "NuGet", "{927AC848-51F0-4F70-A5E1-65C84B59ABE7}"
	ProjectSection(SolutionItems) = preProject
		JB.Common.Collections.nuspec = JB.Common.Collections.nuspec
		JB.Common.Collections.Reactive.nuspec = JB.Common.Collections.Reactive.nuspec
		JB.Common.nuspec = JB.Common.nuspec
		JB.Common.Reactive.Analytics.nuspec = JB.Common.Reactive.Analytics.nuspec
		JB.Common.Reactive.Cache.nuspec = JB.Common.Reactive.Cache.nuspec
		JB.Common.Reactive.nuspec = JB.Common.Reactive.nuspec
		JB.Common.TeamFoundationServer.Client.nuspec = JB.Common.TeamFoundationServer.Client.nuspec
		JB.Common.TeamFoundationServer.Reactive.Client.nuspec = JB.Common.TeamFoundationServer.Reactive.Client.nuspec
		JB.Common.VisualStudio.nuspec = JB.Common.VisualStudio.nuspec
		JB.Common.VisualStudio.Services.Client.nuspec = JB.Common.VisualStudio.Services.Client.nuspec
	EndProjectSection
EndProject
Project("{FAE04EC0-301F-11D3-BF4B-00C04F79EFBC}") = "JB.Common.Reactive.Testing", "JB.Common.Reactive.Testing\JB.Common.Reactive.Testing.csproj", "{5E603FC4-8E2A-45E3-8527-4DCF35049CED}"
EndProject
Project("{FAE04EC0-301F-11D3-BF4B-00C04F79EFBC}") = "JB.Common.TeamFoundationServer.Reactive.Client", "JB.Common.TeamFoundationServer.Reactive.Client\JB.Common.TeamFoundationServer.Reactive.Client.csproj", "{9185DBDD-3B63-4033-9FE1-1B30C735F84A}"
EndProject
Global
	GlobalSection(SolutionConfigurationPlatforms) = preSolution
		Debug|Any CPU = Debug|Any CPU
		Release|Any CPU = Release|Any CPU
	EndGlobalSection
	GlobalSection(ProjectConfigurationPlatforms) = postSolution
		{360B8B3F-5EF4-4CD1-96F2-F3CC67A2B2B3}.Debug|Any CPU.ActiveCfg = Debug|Any CPU
		{360B8B3F-5EF4-4CD1-96F2-F3CC67A2B2B3}.Debug|Any CPU.Build.0 = Debug|Any CPU
		{360B8B3F-5EF4-4CD1-96F2-F3CC67A2B2B3}.Release|Any CPU.ActiveCfg = Release|Any CPU
		{360B8B3F-5EF4-4CD1-96F2-F3CC67A2B2B3}.Release|Any CPU.Build.0 = Release|Any CPU
		{A30A30A6-9914-42DC-95A1-527B652B165D}.Debug|Any CPU.ActiveCfg = Debug|Any CPU
		{A30A30A6-9914-42DC-95A1-527B652B165D}.Debug|Any CPU.Build.0 = Debug|Any CPU
		{A30A30A6-9914-42DC-95A1-527B652B165D}.Release|Any CPU.ActiveCfg = Release|Any CPU
		{A30A30A6-9914-42DC-95A1-527B652B165D}.Release|Any CPU.Build.0 = Release|Any CPU
		{248FADAF-12C1-41D1-8FAA-8B786B4FEB36}.Debug|Any CPU.ActiveCfg = Debug|Any CPU
		{248FADAF-12C1-41D1-8FAA-8B786B4FEB36}.Debug|Any CPU.Build.0 = Debug|Any CPU
		{248FADAF-12C1-41D1-8FAA-8B786B4FEB36}.Release|Any CPU.ActiveCfg = Release|Any CPU
		{248FADAF-12C1-41D1-8FAA-8B786B4FEB36}.Release|Any CPU.Build.0 = Release|Any CPU
		{45F64424-6A73-45CD-942C-841225CB3AD6}.Debug|Any CPU.ActiveCfg = Debug|Any CPU
		{45F64424-6A73-45CD-942C-841225CB3AD6}.Debug|Any CPU.Build.0 = Debug|Any CPU
		{45F64424-6A73-45CD-942C-841225CB3AD6}.Release|Any CPU.ActiveCfg = Release|Any CPU
		{45F64424-6A73-45CD-942C-841225CB3AD6}.Release|Any CPU.Build.0 = Release|Any CPU
		{E12CC753-0D0E-4933-9F1D-A46722C92B5F}.Debug|Any CPU.ActiveCfg = Debug|Any CPU
		{E12CC753-0D0E-4933-9F1D-A46722C92B5F}.Debug|Any CPU.Build.0 = Debug|Any CPU
		{E12CC753-0D0E-4933-9F1D-A46722C92B5F}.Release|Any CPU.ActiveCfg = Release|Any CPU
		{E12CC753-0D0E-4933-9F1D-A46722C92B5F}.Release|Any CPU.Build.0 = Release|Any CPU
		{067E492E-F300-4DC5-89C1-1AEF9C061C01}.Debug|Any CPU.ActiveCfg = Debug|Any CPU
		{067E492E-F300-4DC5-89C1-1AEF9C061C01}.Debug|Any CPU.Build.0 = Debug|Any CPU
		{067E492E-F300-4DC5-89C1-1AEF9C061C01}.Release|Any CPU.ActiveCfg = Release|Any CPU
		{067E492E-F300-4DC5-89C1-1AEF9C061C01}.Release|Any CPU.Build.0 = Release|Any CPU
		{98EC53DF-00F5-4FB8-BE75-C1B530B418BF}.Debug|Any CPU.ActiveCfg = Debug|Any CPU
		{98EC53DF-00F5-4FB8-BE75-C1B530B418BF}.Debug|Any CPU.Build.0 = Debug|Any CPU
		{98EC53DF-00F5-4FB8-BE75-C1B530B418BF}.Release|Any CPU.ActiveCfg = Release|Any CPU
		{98EC53DF-00F5-4FB8-BE75-C1B530B418BF}.Release|Any CPU.Build.0 = Release|Any CPU
		{5215AC7E-41FF-4A49-8EEB-F3515D813EF5}.Debug|Any CPU.ActiveCfg = Debug|Any CPU
		{5215AC7E-41FF-4A49-8EEB-F3515D813EF5}.Debug|Any CPU.Build.0 = Debug|Any CPU
		{5215AC7E-41FF-4A49-8EEB-F3515D813EF5}.Release|Any CPU.ActiveCfg = Release|Any CPU
		{5215AC7E-41FF-4A49-8EEB-F3515D813EF5}.Release|Any CPU.Build.0 = Release|Any CPU
		{450B98C1-5F88-48E7-808E-7BDD4CF0D179}.Debug|Any CPU.ActiveCfg = Debug|Any CPU
		{450B98C1-5F88-48E7-808E-7BDD4CF0D179}.Debug|Any CPU.Build.0 = Debug|Any CPU
		{450B98C1-5F88-48E7-808E-7BDD4CF0D179}.Release|Any CPU.ActiveCfg = Release|Any CPU
		{450B98C1-5F88-48E7-808E-7BDD4CF0D179}.Release|Any CPU.Build.0 = Release|Any CPU
		{66781C50-92C1-4832-85DE-5BF3E8EC14C2}.Debug|Any CPU.ActiveCfg = Debug|Any CPU
		{66781C50-92C1-4832-85DE-5BF3E8EC14C2}.Debug|Any CPU.Build.0 = Debug|Any CPU
		{66781C50-92C1-4832-85DE-5BF3E8EC14C2}.Release|Any CPU.ActiveCfg = Release|Any CPU
		{66781C50-92C1-4832-85DE-5BF3E8EC14C2}.Release|Any CPU.Build.0 = Release|Any CPU
		{950B0468-D1C7-410A-910C-54AFEF706E87}.Debug|Any CPU.ActiveCfg = Debug|Any CPU
		{950B0468-D1C7-410A-910C-54AFEF706E87}.Debug|Any CPU.Build.0 = Debug|Any CPU
		{950B0468-D1C7-410A-910C-54AFEF706E87}.Release|Any CPU.ActiveCfg = Release|Any CPU
		{950B0468-D1C7-410A-910C-54AFEF706E87}.Release|Any CPU.Build.0 = Release|Any CPU
		{407A0B3A-58F2-444F-99D8-6D9FDC1F61D2}.Debug|Any CPU.ActiveCfg = Debug|Any CPU
		{407A0B3A-58F2-444F-99D8-6D9FDC1F61D2}.Debug|Any CPU.Build.0 = Debug|Any CPU
		{407A0B3A-58F2-444F-99D8-6D9FDC1F61D2}.Release|Any CPU.ActiveCfg = Release|Any CPU
		{407A0B3A-58F2-444F-99D8-6D9FDC1F61D2}.Release|Any CPU.Build.0 = Release|Any CPU
		{21239505-BBAE-4C3A-AAB7-77DB5C513C01}.Debug|Any CPU.ActiveCfg = Debug|Any CPU
		{21239505-BBAE-4C3A-AAB7-77DB5C513C01}.Debug|Any CPU.Build.0 = Debug|Any CPU
		{21239505-BBAE-4C3A-AAB7-77DB5C513C01}.Release|Any CPU.ActiveCfg = Release|Any CPU
		{21239505-BBAE-4C3A-AAB7-77DB5C513C01}.Release|Any CPU.Build.0 = Release|Any CPU
		{C5714A07-3CCD-4C9E-A2F6-DEB840EF9B13}.Debug|Any CPU.ActiveCfg = Debug|Any CPU
		{C5714A07-3CCD-4C9E-A2F6-DEB840EF9B13}.Debug|Any CPU.Build.0 = Debug|Any CPU
		{C5714A07-3CCD-4C9E-A2F6-DEB840EF9B13}.Release|Any CPU.ActiveCfg = Release|Any CPU
		{C5714A07-3CCD-4C9E-A2F6-DEB840EF9B13}.Release|Any CPU.Build.0 = Release|Any CPU
		{1423B0DD-E2E1-492D-A7B2-EB1B62D19572}.Debug|Any CPU.ActiveCfg = Debug|Any CPU
		{1423B0DD-E2E1-492D-A7B2-EB1B62D19572}.Debug|Any CPU.Build.0 = Debug|Any CPU
		{1423B0DD-E2E1-492D-A7B2-EB1B62D19572}.Release|Any CPU.ActiveCfg = Release|Any CPU
		{1423B0DD-E2E1-492D-A7B2-EB1B62D19572}.Release|Any CPU.Build.0 = Release|Any CPU
		{5E603FC4-8E2A-45E3-8527-4DCF35049CED}.Debug|Any CPU.ActiveCfg = Debug|Any CPU
		{5E603FC4-8E2A-45E3-8527-4DCF35049CED}.Debug|Any CPU.Build.0 = Debug|Any CPU
		{5E603FC4-8E2A-45E3-8527-4DCF35049CED}.Release|Any CPU.ActiveCfg = Release|Any CPU
		{5E603FC4-8E2A-45E3-8527-4DCF35049CED}.Release|Any CPU.Build.0 = Release|Any CPU
		{9185DBDD-3B63-4033-9FE1-1B30C735F84A}.Debug|Any CPU.ActiveCfg = Debug|Any CPU
		{9185DBDD-3B63-4033-9FE1-1B30C735F84A}.Debug|Any CPU.Build.0 = Debug|Any CPU
		{9185DBDD-3B63-4033-9FE1-1B30C735F84A}.Release|Any CPU.ActiveCfg = Release|Any CPU
		{9185DBDD-3B63-4033-9FE1-1B30C735F84A}.Release|Any CPU.Build.0 = Release|Any CPU
	EndGlobalSection
	GlobalSection(SolutionProperties) = preSolution
		HideSolutionNode = FALSE
	EndGlobalSection
	GlobalSection(NestedProjects) = preSolution
		{067E492E-F300-4DC5-89C1-1AEF9C061C01} = {26BE593D-322B-408F-BFC7-3F2B3273DE21}
		{98EC53DF-00F5-4FB8-BE75-C1B530B418BF} = {26BE593D-322B-408F-BFC7-3F2B3273DE21}
		{5215AC7E-41FF-4A49-8EEB-F3515D813EF5} = {26BE593D-322B-408F-BFC7-3F2B3273DE21}
		{66781C50-92C1-4832-85DE-5BF3E8EC14C2} = {26BE593D-322B-408F-BFC7-3F2B3273DE21}
		{21239505-BBAE-4C3A-AAB7-77DB5C513C01} = {26BE593D-322B-408F-BFC7-3F2B3273DE21}
		{927AC848-51F0-4F70-A5E1-65C84B59ABE7} = {8A122F14-4B60-4FF0-A400-DEED25A9E624}
	EndGlobalSection
	GlobalSection(ExtensibilityGlobals) = postSolution
		SolutionGuid = {30F488F3-84B3-48BE-995C-0D5DA432B00F}
	EndGlobalSection
EndGlobal
